{
  "version": 4,
  "terraform_version": "1.10.1",
  "serial": 18,
  "lineage": "236e2e10-0678-b05e-ea40-0de3ffaf1ca2",
  "outputs": {},
  "resources": [
    {
      "mode": "managed",
      "type": "digitalocean_app",
      "name": "laravel-sample",
      "provider": "provider[\"registry.terraform.io/digitalocean/digitalocean\"]",
      "instances": [
        {
          "schema_version": 0,
          "attributes": {
            "active_deployment_id": "39fdc5f4-41de-40df-8932-270bba7956dc",
            "created_at": "2024-12-06 05:48:35 +0000 UTC",
            "default_ingress": "https://laravel-sample-new-arw89.ondigitalocean.app",
            "id": "b82abae9-a7f2-45f4-8bdd-bf8921496949",
            "live_url": "https://mangalorerealty.com",
            "spec": [
              {
                "alert": [],
                "database": [
                  {
                    "cluster_name": "db-mysql-blr",
                    "db_name": "",
                    "db_user": "",
                    "engine": "MYSQL",
                    "name": "db-mysql-blr",
                    "production": true,
                    "version": ""
                  }
                ],
                "domain": [
                  {
                    "name": "mangalorerealty.com",
                    "type": "PRIMARY",
                    "wildcard": true,
                    "zone": "mangalorerealty.com"
                  }
                ],
                "domains": [
                  "mangalorerealty.com"
                ],
                "env": [],
                "function": [],
                "job": [],
                "name": "laravel-sample-new",
                "region": "ams",
                "service": [
                  {
                    "alert": [],
                    "build_command": "",
                    "cors": [],
                    "dockerfile_path": "",
                    "env": [],
                    "environment_slug": "php",
                    "git": [
                      {
                        "branch": "main",
                        "repo_clone_url": "https://github.com/techswarn/bradtraversy-laravel-sample"
                      }
                    ],
                    "github": [],
                    "gitlab": [],
                    "health_check": [],
                    "http_port": 8080,
                    "image": [],
                    "instance_count": 1,
                    "instance_size_slug": "professional-xs",
                    "internal_ports": null,
                    "log_destination": [],
                    "name": "laravel",
                    "routes": [],
                    "run_command": "",
                    "source_dir": ""
                  }
                ],
                "static_site": [],
                "worker": []
              }
            ],
            "timeouts": null,
            "updated_at": "2024-12-06 05:50:38 +0000 UTC",
            "urn": "do:app:b82abae9-a7f2-45f4-8bdd-bf8921496949"
          },
          "sensitive_attributes": [],
          "private": "eyJlMmJmYjczMC1lY2FhLTExZTYtOGY4OC0zNDM2M2JjN2M0YzAiOnsiY3JlYXRlIjoxODAwMDAwMDAwMDAwfX0="
        }
      ]
    },
    {
      "mode": "managed",
      "type": "digitalocean_database_firewall",
      "name": "db_firewall",
      "provider": "provider[\"registry.terraform.io/digitalocean/digitalocean\"]",
      "instances": [
        {
          "schema_version": 0,
          "attributes": {
            "cluster_id": "79219163-4d0d-4781-bd77-e07633e3e3f8",
            "id": "79219163-4d0d-4781-bd77-e07633e3e3f8-20240516060244891000000001",
            "rule": [
              {
                "created_at": "2024-12-06T05:50:47Z",
                "type": "app",
                "uuid": "5fab958e-c905-47e4-a03a-b0bc65ba093d",
                "value": "b82abae9-a7f2-45f4-8bdd-bf8921496949"
              }
            ]
          },
          "sensitive_attributes": [],
          "private": "bnVsbA==",
          "dependencies": [
            "digitalocean_app.laravel-sample"
          ]
        }
      ]
    }
  ],
  "check_results": null
}
