{
  "version": 4,
  "terraform_version": "1.1.3",
  "serial": 18,
  "lineage": "236e2e10-0678-b05e-ea40-0de3ffaf1ca2",
  "outputs": {},
  "resources": [
    {
      "mode": "managed",
      "type": "digitalocean_app",
      "name": "vite-sample",
      "provider": "provider[\"registry.terraform.io/digitalocean/digitalocean\"]",
      "instances": [
        {
          "status": "tainted",
          "schema_version": 0,
          "attributes": {
            "active_deployment_id": null,
            "created_at": null,
            "default_ingress": null,
            "id": "3f9921df-e50e-4710-867d-1a529b35775a",
            "live_url": null,
            "spec": [
              {
                "alert": [],
                "database": [],
                "domain": [],
                "domains": [],
                "env": [],
                "function": [],
                "job": [],
                "name": "titan",
                "region": "ams",
                "service": [
                  {
                    "alert": [],
                    "build_command": "",
                    "cors": [],
                    "dockerfile_path": "",
                    "env": [],
                    "environment_slug": "",
                    "git": [],
                    "github": [],
                    "gitlab": [],
                    "health_check": [],
                    "http_port": 0,
                    "image": [
                      {
                        "deploy_on_push": [],
                        "registry": "",
                        "registry_type": "DOCR",
                        "repository": "titan",
                        "tag": ""
                      }
                    ],
                    "instance_count": 1,
                    "instance_size_slug": "professional-xs",
                    "internal_ports": null,
                    "log_destination": [],
                    "name": "titan",
                    "routes": [],
                    "run_command": "",
                    "source_dir": ""
                  }
                ],
                "static_site": [],
                "worker": []
              }
            ],
            "timeouts": null,
            "updated_at": null,
            "urn": null
          },
          "sensitive_attributes": [],
          "private": "eyJlMmJmYjczMC1lY2FhLTExZTYtOGY4OC0zNDM2M2JjN2M0YzAiOnsiY3JlYXRlIjoxODAwMDAwMDAwMDAwfX0="
        }
      ]
    }
  ]
}
